PODS:
  - APIKit (3.0.0-beta.1):
    - Result (~> 3.0)
  - Kingfisher (3.1.0)
  - ObjectMapper (2.0.0)
  - PromiseKit (4.0.1):
    - PromiseKit/Foundation (= 4.0.1)
    - PromiseKit/QuartzCore (= 4.0.1)
    - PromiseKit/UIKit (= 4.0.1)
  - PromiseKit/CorePromise (4.0.1)
  - PromiseKit/Foundation (4.0.1):
    - PromiseKit/CorePromise
  - PromiseKit/QuartzCore (4.0.1):
    - PromiseKit/CorePromise
  - PromiseKit/UIKit (4.0.1):
    - PromiseKit/CorePromise
  - Result (3.0.0)

DEPENDENCIES:
  - APIKit (from `https://github.com/ishkawa/APIKit`, branch `apikit-3-migration-guide`)
  - Kingfisher
  - ObjectMapper
  - PromiseKit (~> 4.0)

EXTERNAL SOURCES:
  APIKit:
    :branch: apikit-3-migration-guide
    :git: https://github.com/ishkawa/APIKit

CHECKOUT OPTIONS:
  APIKit:
    :commit: 0ebbc676dcc21e8b8145b199d8013c878bbfd676
    :git: https://github.com/ishkawa/APIKit

SPEC CHECKSUMS:
  APIKit: 27c8c16fe41d8159c5a3f362130f2592647a300d
  Kingfisher: 7779f22e977393e9533a89a9685beb8f679d3767
  ObjectMapper: aed2570edabbd3c9b26c939e1cabdb6558f933e0
  PromiseKit: ae9e7f97ee758e23f7b9c5e80380a2e78d6338c5
  Result: 1b3e431f37cbcd3ad89c6aa9ab0ae55515fae3b6

PODFILE CHECKSUM: c67aee67e0f072f826e3cf850f8d39f339bfc55f

COCOAPODS: 1.1.0.rc.2
