PODS:
  - APIKit (3.0.0-beta.2):
    - Result (~> 3.0)
  - Kingfisher (3.1.1)
  - ObjectMapper (2.0.0)
  - PromiseKit (4.0.3):
    - PromiseKit/Foundation (= 4.0.3)
    - PromiseKit/QuartzCore (= 4.0.3)
    - PromiseKit/UIKit (= 4.0.3)
  - PromiseKit/CorePromise (4.0.3)
  - PromiseKit/Foundation (4.0.3):
    - PromiseKit/CorePromise
  - PromiseKit/QuartzCore (4.0.3):
    - PromiseKit/CorePromise
  - PromiseKit/UIKit (4.0.3):
    - PromiseKit/CorePromise
  - Result (3.0.0)

DEPENDENCIES:
  - APIKit (from `https://github.com/ishkawa/APIKit`, tag `3.0.0-beta.2`)
  - Kingfisher
  - ObjectMapper
  - PromiseKit (~> 4.0)

EXTERNAL SOURCES:
  APIKit:
    :git: https://github.com/ishkawa/APIKit
    :tag: 3.0.0-beta.2

CHECKOUT OPTIONS:
  APIKit:
    :git: https://github.com/ishkawa/APIKit
    :tag: 3.0.0-beta.2

SPEC CHECKSUMS:
  APIKit: 7e9257f0220861ada9ffce0549ad3a0338dbbafa
  Kingfisher: 12b755ae697cc9f0fd3e550db8417fa1233e09ab
  ObjectMapper: aed2570edabbd3c9b26c939e1cabdb6558f933e0
  PromiseKit: dfe8fcc6445674fb23378d89990838c1cbdbf05a
  Result: 1b3e431f37cbcd3ad89c6aa9ab0ae55515fae3b6

PODFILE CHECKSUM: 5458fb210e4b3dda0c35fab85a860ccc5a381184

COCOAPODS: 1.1.0.rc.2
